
Microsoft Visual Studio Solution File, Format Version 12.00
# Visual Studio Version 17
VisualStudioVersion = 17.13.35828.75 d17.13
MinimumVisualStudioVersion = 10.0.40219.1
Project("{FAE04EC0-301F-11D3-BF4B-00C04F79EFBC}") = "WeDoBlog", "WeDoBlog\WeDoBlog.csproj", "{EE1B63B7-C54C-45F8-919F-F8237F251214}"
EndProject
Global
	GlobalSection(SolutionConfigurationPlatforms) = preSolution
		Debug|Any CPU = Debug|Any CPU
		Release|Any CPU = Release|Any CPU
	EndGlobalSection
	GlobalSection(ProjectConfigurationPlatforms) = postSolution
		{EE1B63B7-C54C-45F8-919F-F8237F251214}.Debug|Any CPU.ActiveCfg = Debug|Any CPU
		{EE1B63B7-C54C-45F8-919F-F8237F251214}.Debug|Any CPU.Build.0 = Debug|Any CPU
		{EE1B63B7-C54C-45F8-919F-F8237F251214}.Release|Any CPU.ActiveCfg = Release|Any CPU
		{EE1B63B7-C54C-45F8-919F-F8237F251214}.Release|Any CPU.Build.0 = Release|Any CPU
	EndGlobalSection
	GlobalSection(SolutionProperties) = preSolution
		HideSolutionNode = FALSE
	EndGlobalSection
	GlobalSection(ExtensibilityGlobals) = postSolution
		SolutionGuid = {1F12288C-1AB9-4DB6-9E3E-A1AEE1E62953}
	EndGlobalSection
EndGlobal
